
Microsoft Visual Studio Solution File, Format Version 10.00
# Visual Studio 2008
Project("{D183A3D8-5FD8-494B-B014-37F57B35E655}") = "End of the Day", "End of the Day\End of the Day.dtproj", "{1D82D083-C818-485D-90BD-43A787417602}"
EndProject
Global
	GlobalSection(SolutionConfigurationPlatforms) = preSolution
		Development|Default = Development|Default
	EndGlobalSection
	GlobalSection(ProjectConfigurationPlatforms) = postSolution
		{1D82D083-C818-485D-90BD-43A787417602}.Development|Default.ActiveCfg = Development
		{1D82D083-C818-485D-90BD-43A787417602}.Development|Default.Build.0 = Development
	EndGlobalSection
	GlobalSection(SolutionProperties) = preSolution
		HideSolutionNode = FALSE
	EndGlobalSection
EndGlobal
